
Microsoft Visual Studio Solution File, Format Version 12.00
# Visual Studio 2012
Project("{FAE04EC0-301F-11D3-BF4B-00C04F79EFBC}") = "BoxRendererTest", "BoxRendererTest\BoxRendererTest.csproj", "{46F825BB-7233-47C9-904C-C7F4C9E5BEAE}"
EndProject
Project("{FAE04EC0-301F-11D3-BF4B-00C04F79EFBC}") = "BoxRendererTest.Droid", "Droid\BoxRendererTest.Droid.csproj", "{23C11CCB-98F1-4D53-BF23-7E7901EBDC9D}"
EndProject
Global
	GlobalSection(SolutionConfigurationPlatforms) = preSolution
		Debug|Any CPU = Debug|Any CPU
		Release|Any CPU = Release|Any CPU
	EndGlobalSection
	GlobalSection(ProjectConfigurationPlatforms) = postSolution
		{46F825BB-7233-47C9-904C-C7F4C9E5BEAE}.Debug|Any CPU.ActiveCfg = Debug|Any CPU
		{46F825BB-7233-47C9-904C-C7F4C9E5BEAE}.Debug|Any CPU.Build.0 = Debug|Any CPU
		{46F825BB-7233-47C9-904C-C7F4C9E5BEAE}.Release|Any CPU.ActiveCfg = Release|Any CPU
		{46F825BB-7233-47C9-904C-C7F4C9E5BEAE}.Release|Any CPU.Build.0 = Release|Any CPU
		{23C11CCB-98F1-4D53-BF23-7E7901EBDC9D}.Debug|Any CPU.ActiveCfg = Debug|Any CPU
		{23C11CCB-98F1-4D53-BF23-7E7901EBDC9D}.Debug|Any CPU.Build.0 = Debug|Any CPU
		{23C11CCB-98F1-4D53-BF23-7E7901EBDC9D}.Release|Any CPU.ActiveCfg = Release|Any CPU
		{23C11CCB-98F1-4D53-BF23-7E7901EBDC9D}.Release|Any CPU.Build.0 = Release|Any CPU
	EndGlobalSection
EndGlobal
